PODS:
  - Alamofire (4.5.1)
  - SideMenu (3.0.2)
  - Starscream (3.0.2)
  - SwiftyJSON (3.1.4)

DEPENDENCIES:
  - Alamofire
  - SideMenu
  - Starscream
  - SwiftyJSON

SPEC CHECKSUMS:
  Alamofire: 2d95912bf4c34f164fdfc335872e8c312acaea4a
  SideMenu: 8fe957e0f5dcf1a1175c8ba5d47978d4eb2a89da
  Starscream: b512c62f6706421221b5ceb2ba01a9f58aca5bea
  SwiftyJSON: c2842d878f95482ffceec5709abc3d05680c0220

PODFILE CHECKSUM: 29fb05fde7054e12497586d4010407b3705b2faa

COCOAPODS: 1.4.0
