// !$*UTF8*$!
{
	archiveVersion = 1;
	classes = {
	};
	objectVersion = 48;
	objects = {

/* Begin PBXBuildFile section */
		404771491F77D4F400D93E56 /* AppDelegate.swift in Sources */ = {isa = PBXBuildFile; fileRef = 404771481F77D4F400D93E56 /* AppDelegate.swift */; };
		4047714B1F77D4F400D93E56 /* RootViewController.swift in Sources */ = {isa = PBXBuildFile; fileRef = 4047714A1F77D4F400D93E56 /* RootViewController.swift */; };
		4047714D1F77D4F400D93E56 /* DataViewController.swift in Sources */ = {isa = PBXBuildFile; fileRef = 4047714C1F77D4F400D93E56 /* DataViewController.swift */; };
		4047714F1F77D4F400D93E56 /* ModelController.swift in Sources */ = {isa = PBXBuildFile; fileRef = 4047714E1F77D4F400D93E56 /* ModelController.swift */; };
		404771521F77D4F400D93E56 /* Main.storyboard in Resources */ = {isa = PBXBuildFile; fileRef = 404771501F77D4F400D93E56 /* Main.storyboard */; };
		404771541F77D4F400D93E56 /* Assets.xcassets in Resources */ = {isa = PBXBuildFile; fileRef = 404771531F77D4F400D93E56 /* Assets.xcassets */; };
		404771571F77D4F400D93E56 /* LaunchScreen.storyboard in Resources */ = {isa = PBXBuildFile; fileRef = 404771551F77D4F400D93E56 /* LaunchScreen.storyboard */; };
		404771621F77D4F400D93E56 /* HADashboard_ViewerTests.swift in Sources */ = {isa = PBXBuildFile; fileRef = 404771611F77D4F400D93E56 /* HADashboard_ViewerTests.swift */; };
		4047716D1F77D4F400D93E56 /* HADashboard_ViewerUITests.swift in Sources */ = {isa = PBXBuildFile; fileRef = 4047716C1F77D4F400D93E56 /* HADashboard_ViewerUITests.swift */; };
/* End PBXBuildFile section */

/* Begin PBXContainerItemProxy section */
		4047715E1F77D4F400D93E56 /* PBXContainerItemProxy */ = {
			isa = PBXContainerItemProxy;
			containerPortal = 4047713D1F77D4F400D93E56 /* Project object */;
			proxyType = 1;
			remoteGlobalIDString = 404771441F77D4F400D93E56;
			remoteInfo = "HADashboard Viewer";
		};
		404771691F77D4F400D93E56 /* PBXContainerItemProxy */ = {
			isa = PBXContainerItemProxy;
			containerPortal = 4047713D1F77D4F400D93E56 /* Project object */;
			proxyType = 1;
			remoteGlobalIDString = 404771441F77D4F400D93E56;
			remoteInfo = "HADashboard Viewer";
		};
/* End PBXContainerItemProxy section */

/* Begin PBXFileReference section */
		404771451F77D4F400D93E56 /* HADashboard Viewer.app */ = {isa = PBXFileReference; explicitFileType = wrapper.application; includeInIndex = 0; path = "HADashboard Viewer.app"; sourceTree = BUILT_PRODUCTS_DIR; };
		404771481F77D4F400D93E56 /* AppDelegate.swift */ = {isa = PBXFileReference; lastKnownFileType = sourcecode.swift; path = AppDelegate.swift; sourceTree = "<group>"; };
		4047714A1F77D4F400D93E56 /* RootViewController.swift */ = {isa = PBXFileReference; lastKnownFileType = sourcecode.swift; path = RootViewController.swift; sourceTree = "<group>"; };
		4047714C1F77D4F400D93E56 /* DataViewController.swift */ = {isa = PBXFileReference; lastKnownFileType = sourcecode.swift; path = DataViewController.swift; sourceTree = "<group>"; };
		4047714E1F77D4F400D93E56 /* ModelController.swift */ = {isa = PBXFileReference; lastKnownFileType = sourcecode.swift; path = ModelController.swift; sourceTree = "<group>"; };
		404771511F77D4F400D93E56 /* Base */ = {isa = PBXFileReference; lastKnownFileType = file.storyboard; name = Base; path = Base.lproj/Main.storyboard; sourceTree = "<group>"; };
		404771531F77D4F400D93E56 /* Assets.xcassets */ = {isa = PBXFileReference; lastKnownFileType = folder.assetcatalog; path = Assets.xcassets; sourceTree = "<group>"; };
		404771561F77D4F400D93E56 /* Base */ = {isa = PBXFileReference; lastKnownFileType = file.storyboard; name = Base; path = Base.lproj/LaunchScreen.storyboard; sourceTree = "<group>"; };
		404771581F77D4F400D93E56 /* Info.plist */ = {isa = PBXFileReference; lastKnownFileType = text.plist.xml; path = Info.plist; sourceTree = "<group>"; };
		4047715D1F77D4F400D93E56 /* HADashboard ViewerTests.xctest */ = {isa = PBXFileReference; explicitFileType = wrapper.cfbundle; includeInIndex = 0; path = "HADashboard ViewerTests.xctest"; sourceTree = BUILT_PRODUCTS_DIR; };
		404771611F77D4F400D93E56 /* HADashboard_ViewerTests.swift */ = {isa = PBXFileReference; lastKnownFileType = sourcecode.swift; path = HADashboard_ViewerTests.swift; sourceTree = "<group>"; };
		404771631F77D4F400D93E56 /* Info.plist */ = {isa = PBXFileReference; lastKnownFileType = text.plist.xml; path = Info.plist; sourceTree = "<group>"; };
		404771681F77D4F400D93E56 /* HADashboard ViewerUITests.xctest */ = {isa = PBXFileReference; explicitFileType = wrapper.cfbundle; includeInIndex = 0; path = "HADashboard ViewerUITests.xctest"; sourceTree = BUILT_PRODUCTS_DIR; };
		4047716C1F77D4F400D93E56 /* HADashboard_ViewerUITests.swift */ = {isa = PBXFileReference; lastKnownFileType = sourcecode.swift; path = HADashboard_ViewerUITests.swift; sourceTree = "<group>"; };
		4047716E1F77D4F400D93E56 /* Info.plist */ = {isa = PBXFileReference; lastKnownFileType = text.plist.xml; path = Info.plist; sourceTree = "<group>"; };
/* End PBXFileReference section */

/* Begin PBXFrameworksBuildPhase section */
		404771421F77D4F400D93E56 /* Frameworks */ = {
			isa = PBXFrameworksBuildPhase;
			buildActionMask = 2147483647;
			files = (
			);
			runOnlyForDeploymentPostprocessing = 0;
		};
		4047715A1F77D4F400D93E56 /* Frameworks */ = {
			isa = PBXFrameworksBuildPhase;
			buildActionMask = 2147483647;
			files = (
			);
			runOnlyForDeploymentPostprocessing = 0;
		};
		404771651F77D4F400D93E56 /* Frameworks */ = {
			isa = PBXFrameworksBuildPhase;
			buildActionMask = 2147483647;
			files = (
			);
			runOnlyForDeploymentPostprocessing = 0;
		};
/* End PBXFrameworksBuildPhase section */

/* Begin PBXGroup section */
		4047713C1F77D4F400D93E56 = {
			isa = PBXGroup;
			children = (
				404771471F77D4F400D93E56 /* HADashboard Viewer */,
				404771601F77D4F400D93E56 /* HADashboard ViewerTests */,
				4047716B1F77D4F400D93E56 /* HADashboard ViewerUITests */,
				404771461F77D4F400D93E56 /* Products */,
			);
			sourceTree = "<group>";
		};
		404771461F77D4F400D93E56 /* Products */ = {
			isa = PBXGroup;
			children = (
				404771451F77D4F400D93E56 /* HADashboard Viewer.app */,
				4047715D1F77D4F400D93E56 /* HADashboard ViewerTests.xctest */,
				404771681F77D4F400D93E56 /* HADashboard ViewerUITests.xctest */,
			);
			name = Products;
			sourceTree = "<group>";
		};
		404771471F77D4F400D93E56 /* HADashboard Viewer */ = {
			isa = PBXGroup;
			children = (
				404771481F77D4F400D93E56 /* AppDelegate.swift */,
				4047714A1F77D4F400D93E56 /* RootViewController.swift */,
				4047714C1F77D4F400D93E56 /* DataViewController.swift */,
				4047714E1F77D4F400D93E56 /* ModelController.swift */,
				404771501F77D4F400D93E56 /* Main.storyboard */,
				404771531F77D4F400D93E56 /* Assets.xcassets */,
				404771551F77D4F400D93E56 /* LaunchScreen.storyboard */,
				404771581F77D4F400D93E56 /* Info.plist */,
			);
			path = "HADashboard Viewer";
			sourceTree = "<group>";
		};
		404771601F77D4F400D93E56 /* HADashboard ViewerTests */ = {
			isa = PBXGroup;
			children = (
				404771611F77D4F400D93E56 /* HADashboard_ViewerTests.swift */,
				404771631F77D4F400D93E56 /* Info.plist */,
			);
			path = "HADashboard ViewerTests";
			sourceTree = "<group>";
		};
		4047716B1F77D4F400D93E56 /* HADashboard ViewerUITests */ = {
			isa = PBXGroup;
			children = (
				4047716C1F77D4F400D93E56 /* HADashboard_ViewerUITests.swift */,
				4047716E1F77D4F400D93E56 /* Info.plist */,
			);
			path = "HADashboard ViewerUITests";
			sourceTree = "<group>";
		};
/* End PBXGroup section */

/* Begin PBXNativeTarget section */
		404771441F77D4F400D93E56 /* HADashboard Viewer */ = {
			isa = PBXNativeTarget;
			buildConfigurationList = 404771711F77D4F400D93E56 /* Build configuration list for PBXNativeTarget "HADashboard Viewer" */;
			buildPhases = (
				404771411F77D4F400D93E56 /* Sources */,
				404771421F77D4F400D93E56 /* Frameworks */,
				404771431F77D4F400D93E56 /* Resources */,
			);
			buildRules = (
			);
			dependencies = (
			);
			name = "HADashboard Viewer";
			productName = "HADashboard Viewer";
			productReference = 404771451F77D4F400D93E56 /* HADashboard Viewer.app */;
			productType = "com.apple.product-type.application";
		};
		4047715C1F77D4F400D93E56 /* HADashboard ViewerTests */ = {
			isa = PBXNativeTarget;
			buildConfigurationList = 404771741F77D4F400D93E56 /* Build configuration list for PBXNativeTarget "HADashboard ViewerTests" */;
			buildPhases = (
				404771591F77D4F400D93E56 /* Sources */,
				4047715A1F77D4F400D93E56 /* Frameworks */,
				4047715B1F77D4F400D93E56 /* Resources */,
			);
			buildRules = (
			);
			dependencies = (
				4047715F1F77D4F400D93E56 /* PBXTargetDependency */,
			);
			name = "HADashboard ViewerTests";
			productName = "HADashboard ViewerTests";
			productReference = 4047715D1F77D4F400D93E56 /* HADashboard ViewerTests.xctest */;
			productType = "com.apple.product-type.bundle.unit-test";
		};
		404771671F77D4F400D93E56 /* HADashboard ViewerUITests */ = {
			isa = PBXNativeTarget;
			buildConfigurationList = 404771771F77D4F400D93E56 /* Build configuration list for PBXNativeTarget "HADashboard ViewerUITests" */;
			buildPhases = (
				404771641F77D4F400D93E56 /* Sources */,
				404771651F77D4F400D93E56 /* Frameworks */,
				404771661F77D4F400D93E56 /* Resources */,
			);
			buildRules = (
			);
			dependencies = (
				4047716A1F77D4F400D93E56 /* PBXTargetDependency */,
			);
			name = "HADashboard ViewerUITests";
			productName = "HADashboard ViewerUITests";
			productReference = 404771681F77D4F400D93E56 /* HADashboard ViewerUITests.xctest */;
			productType = "com.apple.product-type.bundle.ui-testing";
		};
/* End PBXNativeTarget section */

/* Begin PBXProject section */
		4047713D1F77D4F400D93E56 /* Project object */ = {
			isa = PBXProject;
			attributes = {
				LastSwiftUpdateCheck = 0900;
				LastUpgradeCheck = 0900;
				ORGANIZATIONNAME = "Luca Kaufmann";
				TargetAttributes = {
					404771441F77D4F400D93E56 = {
						CreatedOnToolsVersion = 9.0;
						ProvisioningStyle = Automatic;
					};
					4047715C1F77D4F400D93E56 = {
						CreatedOnToolsVersion = 9.0;
						ProvisioningStyle = Automatic;
						TestTargetID = 404771441F77D4F400D93E56;
					};
					404771671F77D4F400D93E56 = {
						CreatedOnToolsVersion = 9.0;
						ProvisioningStyle = Automatic;
						TestTargetID = 404771441F77D4F400D93E56;
					};
				};
			};
			buildConfigurationList = 404771401F77D4F400D93E56 /* Build configuration list for PBXProject "HADashboard Viewer" */;
			compatibilityVersion = "Xcode 8.0";
			developmentRegion = en;
			hasScannedForEncodings = 0;
			knownRegions = (
				en,
				Base,
			);
			mainGroup = 4047713C1F77D4F400D93E56;
			productRefGroup = 404771461F77D4F400D93E56 /* Products */;
			projectDirPath = "";
			projectRoot = "";
			targets = (
				404771441F77D4F400D93E56 /* HADashboard Viewer */,
				4047715C1F77D4F400D93E56 /* HADashboard ViewerTests */,
				404771671F77D4F400D93E56 /* HADashboard ViewerUITests */,
			);
		};
/* End PBXProject section */

/* Begin PBXResourcesBuildPhase section */
		404771431F77D4F400D93E56 /* Resources */ = {
			isa = PBXResourcesBuildPhase;
			buildActionMask = 2147483647;
			files = (
				404771571F77D4F400D93E56 /* LaunchScreen.storyboard in Resources */,
				404771541F77D4F400D93E56 /* Assets.xcassets in Resources */,
				404771521F77D4F400D93E56 /* Main.storyboard in Resources */,
			);
			runOnlyForDeploymentPostprocessing = 0;
		};
		4047715B1F77D4F400D93E56 /* Resources */ = {
			isa = PBXResourcesBuildPhase;
			buildActionMask = 2147483647;
			files = (
			);
			runOnlyForDeploymentPostprocessing = 0;
		};
		404771661F77D4F400D93E56 /* Resources */ = {
			isa = PBXResourcesBuildPhase;
			buildActionMask = 2147483647;
			files = (
			);
			runOnlyForDeploymentPostprocessing = 0;
		};
/* End PBXResourcesBuildPhase section */

/* Begin PBXSourcesBuildPhase section */
		404771411F77D4F400D93E56 /* Sources */ = {
			isa = PBXSourcesBuildPhase;
			buildActionMask = 2147483647;
			files = (
				4047714B1F77D4F400D93E56 /* RootViewController.swift in Sources */,
				4047714F1F77D4F400D93E56 /* ModelController.swift in Sources */,
				4047714D1F77D4F400D93E56 /* DataViewController.swift in Sources */,
				404771491F77D4F400D93E56 /* AppDelegate.swift in Sources */,
			);
			runOnlyForDeploymentPostprocessing = 0;
		};
		404771591F77D4F400D93E56 /* Sources */ = {
			isa = PBXSourcesBuildPhase;
			buildActionMask = 2147483647;
			files = (
				404771621F77D4F400D93E56 /* HADashboard_ViewerTests.swift in Sources */,
			);
			runOnlyForDeploymentPostprocessing = 0;
		};
		404771641F77D4F400D93E56 /* Sources */ = {
			isa = PBXSourcesBuildPhase;
			buildActionMask = 2147483647;
			files = (
				4047716D1F77D4F400D93E56 /* HADashboard_ViewerUITests.swift in Sources */,
			);
			runOnlyForDeploymentPostprocessing = 0;
		};
/* End PBXSourcesBuildPhase section */

/* Begin PBXTargetDependency section */
		4047715F1F77D4F400D93E56 /* PBXTargetDependency */ = {
			isa = PBXTargetDependency;
			target = 404771441F77D4F400D93E56 /* HADashboard Viewer */;
			targetProxy = 4047715E1F77D4F400D93E56 /* PBXContainerItemProxy */;
		};
		4047716A1F77D4F400D93E56 /* PBXTargetDependency */ = {
			isa = PBXTargetDependency;
			target = 404771441F77D4F400D93E56 /* HADashboard Viewer */;
			targetProxy = 404771691F77D4F400D93E56 /* PBXContainerItemProxy */;
		};
/* End PBXTargetDependency section */

/* Begin PBXVariantGroup section */
		404771501F77D4F400D93E56 /* Main.storyboard */ = {
			isa = PBXVariantGroup;
			children = (
				404771511F77D4F400D93E56 /* Base */,
			);
			name = Main.storyboard;
			sourceTree = "<group>";
		};
		404771551F77D4F400D93E56 /* LaunchScreen.storyboard */ = {
			isa = PBXVariantGroup;
			children = (
				404771561F77D4F400D93E56 /* Base */,
			);
			name = LaunchScreen.storyboard;
			sourceTree = "<group>";
		};
/* End PBXVariantGroup section */

/* Begin XCBuildConfiguration section */
		4047716F1F77D4F400D93E56 /* Debug */ = {
			isa = XCBuildConfiguration;
			buildSettings = {
				ALWAYS_SEARCH_USER_PATHS = NO;
				CLANG_ANALYZER_NONNULL = YES;
				CLANG_ANALYZER_NUMBER_OBJECT_CONVERSION = YES_AGGRESSIVE;
				CLANG_CXX_LANGUAGE_STANDARD = "gnu++14";
				CLANG_CXX_LIBRARY = "libc++";
				CLANG_ENABLE_MODULES = YES;
				CLANG_ENABLE_OBJC_ARC = YES;
				CLANG_WARN_BLOCK_CAPTURE_AUTORELEASING = YES;
				CLANG_WARN_BOOL_CONVERSION = YES;
				CLANG_WARN_COMMA = YES;
				CLANG_WARN_CONSTANT_CONVERSION = YES;
				CLANG_WARN_DIRECT_OBJC_ISA_USAGE = YES_ERROR;
				CLANG_WARN_DOCUMENTATION_COMMENTS = YES;
				CLANG_WARN_EMPTY_BODY = YES;
				CLANG_WARN_ENUM_CONVERSION = YES;
				CLANG_WARN_INFINITE_RECURSION = YES;
				CLANG_WARN_INT_CONVERSION = YES;
				CLANG_WARN_NON_LITERAL_NULL_CONVERSION = YES;
				CLANG_WARN_OBJC_LITERAL_CONVERSION = YES;
				CLANG_WARN_OBJC_ROOT_CLASS = YES_ERROR;
				CLANG_WARN_RANGE_LOOP_ANALYSIS = YES;
				CLANG_WARN_STRICT_PROTOTYPES = YES;
				CLANG_WARN_SUSPICIOUS_MOVE = YES;
				CLANG_WARN_UNGUARDED_AVAILABILITY = YES_AGGRESSIVE;
				CLANG_WARN_UNREACHABLE_CODE = YES;
				CLANG_WARN__DUPLICATE_METHOD_MATCH = YES;
				CODE_SIGN_IDENTITY = "iPhone Developer";
				COPY_PHASE_STRIP = NO;
				DEBUG_INFORMATION_FORMAT = dwarf;
				ENABLE_STRICT_OBJC_MSGSEND = YES;
				ENABLE_TESTABILITY = YES;
				GCC_C_LANGUAGE_STANDARD = gnu11;
				GCC_DYNAMIC_NO_PIC = NO;
				GCC_NO_COMMON_BLOCKS = YES;
				GCC_OPTIMIZATION_LEVEL = 0;
				GCC_PREPROCESSOR_DEFINITIONS = (
					"DEBUG=1",
					"$(inherited)",
				);
				GCC_WARN_64_TO_32_BIT_CONVERSION = YES;
				GCC_WARN_ABOUT_RETURN_TYPE = YES_ERROR;
				GCC_WARN_UNDECLARED_SELECTOR = YES;
				GCC_WARN_UNINITIALIZED_AUTOS = YES_AGGRESSIVE;
				GCC_WARN_UNUSED_FUNCTION = YES;
				GCC_WARN_UNUSED_VARIABLE = YES;
				IPHONEOS_DEPLOYMENT_TARGET = 11.0;
				MTL_ENABLE_DEBUG_INFO = YES;
				ONLY_ACTIVE_ARCH = YES;
				SDKROOT = iphoneos;
				SWIFT_ACTIVE_COMPILATION_CONDITIONS = DEBUG;
				SWIFT_OPTIMIZATION_LEVEL = "-Onone";
			};
			name = Debug;
		};
		404771701F77D4F400D93E56 /* Release */ = {
			isa = XCBuildConfiguration;
			buildSettings = {
				ALWAYS_SEARCH_USER_PATHS = NO;
				CLANG_ANALYZER_NONNULL = YES;
				CLANG_ANALYZER_NUMBER_OBJECT_CONVERSION = YES_AGGRESSIVE;
				CLANG_CXX_LANGUAGE_STANDARD = "gnu++14";
				CLANG_CXX_LIBRARY = "libc++";
				CLANG_ENABLE_MODULES = YES;
				CLANG_ENABLE_OBJC_ARC = YES;
				CLANG_WARN_BLOCK_CAPTURE_AUTORELEASING = YES;
				CLANG_WARN_BOOL_CONVERSION = YES;
				CLANG_WARN_COMMA = YES;
				CLANG_WARN_CONSTANT_CONVERSION = YES;
				CLANG_WARN_DIRECT_OBJC_ISA_USAGE = YES_ERROR;
				CLANG_WARN_DOCUMENTATION_COMMENTS = YES;
				CLANG_WARN_EMPTY_BODY = YES;
				CLANG_WARN_ENUM_CONVERSION = YES;
				CLANG_WARN_INFINITE_RECURSION = YES;
				CLANG_WARN_INT_CONVERSION = YES;
				CLANG_WARN_NON_LITERAL_NULL_CONVERSION = YES;
				CLANG_WARN_OBJC_LITERAL_CONVERSION = YES;
				CLANG_WARN_OBJC_ROOT_CLASS = YES_ERROR;
				CLANG_WARN_RANGE_LOOP_ANALYSIS = YES;
				CLANG_WARN_STRICT_PROTOTYPES = YES;
				CLANG_WARN_SUSPICIOUS_MOVE = YES;
				CLANG_WARN_UNGUARDED_AVAILABILITY = YES_AGGRESSIVE;
				CLANG_WARN_UNREACHABLE_CODE = YES;
				CLANG_WARN__DUPLICATE_METHOD_MATCH = YES;
				CODE_SIGN_IDENTITY = "iPhone Developer";
				COPY_PHASE_STRIP = NO;
				DEBUG_INFORMATION_FORMAT = "dwarf-with-dsym";
				ENABLE_NS_ASSERTIONS = NO;
				ENABLE_STRICT_OBJC_MSGSEND = YES;
				GCC_C_LANGUAGE_STANDARD = gnu11;
				GCC_NO_COMMON_BLOCKS = YES;
				GCC_WARN_64_TO_32_BIT_CONVERSION = YES;
				GCC_WARN_ABOUT_RETURN_TYPE = YES_ERROR;
				GCC_WARN_UNDECLARED_SELECTOR = YES;
				GCC_WARN_UNINITIALIZED_AUTOS = YES_AGGRESSIVE;
				GCC_WARN_UNUSED_FUNCTION = YES;
				GCC_WARN_UNUSED_VARIABLE = YES;
				IPHONEOS_DEPLOYMENT_TARGET = 11.0;
				MTL_ENABLE_DEBUG_INFO = NO;
				SDKROOT = iphoneos;
				SWIFT_OPTIMIZATION_LEVEL = "-Owholemodule";
				VALIDATE_PRODUCT = YES;
			};
			name = Release;
		};
		404771721F77D4F400D93E56 /* Debug */ = {
			isa = XCBuildConfiguration;
			buildSettings = {
				ASSETCATALOG_COMPILER_APPICON_NAME = AppIcon;
				CODE_SIGN_STYLE = Automatic;
				DEVELOPMENT_TEAM = 3BKAAEFQ9S;
				INFOPLIST_FILE = "HADashboard Viewer/Info.plist";
				LD_RUNPATH_SEARCH_PATHS = "$(inherited) @executable_path/Frameworks";
				PRODUCT_BUNDLE_IDENTIFIER = "com.thatsluke.HADashboard-Viewer";
				PRODUCT_NAME = "$(TARGET_NAME)";
				SWIFT_VERSION = 4.0;
				TARGETED_DEVICE_FAMILY = "1,2";
			};
			name = Debug;
		};
		404771731F77D4F400D93E56 /* Release */ = {
			isa = XCBuildConfiguration;
			buildSettings = {
				ASSETCATALOG_COMPILER_APPICON_NAME = AppIcon;
				CODE_SIGN_STYLE = Automatic;
				DEVELOPMENT_TEAM = 3BKAAEFQ9S;
				INFOPLIST_FILE = "HADashboard Viewer/Info.plist";
				LD_RUNPATH_SEARCH_PATHS = "$(inherited) @executable_path/Frameworks";
				PRODUCT_BUNDLE_IDENTIFIER = "com.thatsluke.HADashboard-Viewer";
				PRODUCT_NAME = "$(TARGET_NAME)";
				SWIFT_VERSION = 4.0;
				TARGETED_DEVICE_FAMILY = "1,2";
			};
			name = Release;
		};
		404771751F77D4F400D93E56 /* Debug */ = {
			isa = XCBuildConfiguration;
			buildSettings = {
				ALWAYS_EMBED_SWIFT_STANDARD_LIBRARIES = YES;
				BUNDLE_LOADER = "$(TEST_HOST)";
				CODE_SIGN_STYLE = Automatic;
				DEVELOPMENT_TEAM = 3BKAAEFQ9S;
				INFOPLIST_FILE = "HADashboard ViewerTests/Info.plist";
				LD_RUNPATH_SEARCH_PATHS = "$(inherited) @executable_path/Frameworks @loader_path/Frameworks";
				PRODUCT_BUNDLE_IDENTIFIER = "com.thatsluke.HADashboard-ViewerTests";
				PRODUCT_NAME = "$(TARGET_NAME)";
				SWIFT_VERSION = 4.0;
				TARGETED_DEVICE_FAMILY = "1,2";
				TEST_HOST = "$(BUILT_PRODUCTS_DIR)/HADashboard Viewer.app/HADashboard Viewer";
			};
			name = Debug;
		};
		404771761F77D4F400D93E56 /* Release */ = {
			isa = XCBuildConfiguration;
			buildSettings = {
				ALWAYS_EMBED_SWIFT_STANDARD_LIBRARIES = YES;
				BUNDLE_LOADER = "$(TEST_HOST)";
				CODE_SIGN_STYLE = Automatic;
				DEVELOPMENT_TEAM = 3BKAAEFQ9S;
				INFOPLIST_FILE = "HADashboard ViewerTests/Info.plist";
				LD_RUNPATH_SEARCH_PATHS = "$(inherited) @executable_path/Frameworks @loader_path/Frameworks";
				PRODUCT_BUNDLE_IDENTIFIER = "com.thatsluke.HADashboard-ViewerTests";
				PRODUCT_NAME = "$(TARGET_NAME)";
				SWIFT_VERSION = 4.0;
				TARGETED_DEVICE_FAMILY = "1,2";
				TEST_HOST = "$(BUILT_PRODUCTS_DIR)/HADashboard Viewer.app/HADashboard Viewer";
			};
			name = Release;
		};
		404771781F77D4F400D93E56 /* Debug */ = {
			isa = XCBuildConfiguration;
			buildSettings = {
				ALWAYS_EMBED_SWIFT_STANDARD_LIBRARIES = YES;
				CODE_SIGN_STYLE = Automatic;
				DEVELOPMENT_TEAM = 3BKAAEFQ9S;
				INFOPLIST_FILE = "HADashboard ViewerUITests/Info.plist";
				LD_RUNPATH_SEARCH_PATHS = "$(inherited) @executable_path/Frameworks @loader_path/Frameworks";
				PRODUCT_BUNDLE_IDENTIFIER = "com.thatsluke.HADashboard-ViewerUITests";
				PRODUCT_NAME = "$(TARGET_NAME)";
				SWIFT_VERSION = 4.0;
				TARGETED_DEVICE_FAMILY = "1,2";
				TEST_TARGET_NAME = "HADashboard Viewer";
			};
			name = Debug;
		};
		404771791F77D4F400D93E56 /* Release */ = {
			isa = XCBuildConfiguration;
			buildSettings = {
				ALWAYS_EMBED_SWIFT_STANDARD_LIBRARIES = YES;
				CODE_SIGN_STYLE = Automatic;
				DEVELOPMENT_TEAM = 3BKAAEFQ9S;
				INFOPLIST_FILE = "HADashboard ViewerUITests/Info.plist";
				LD_RUNPATH_SEARCH_PATHS = "$(inherited) @executable_path/Frameworks @loader_path/Frameworks";
				PRODUCT_BUNDLE_IDENTIFIER = "com.thatsluke.HADashboard-ViewerUITests";
				PRODUCT_NAME = "$(TARGET_NAME)";
				SWIFT_VERSION = 4.0;
				TARGETED_DEVICE_FAMILY = "1,2";
				TEST_TARGET_NAME = "HADashboard Viewer";
			};
			name = Release;
		};
/* End XCBuildConfiguration section */

/* Begin XCConfigurationList section */
		404771401F77D4F400D93E56 /* Build configuration list for PBXProject "HADashboard Viewer" */ = {
			isa = XCConfigurationList;
			buildConfigurations = (
				4047716F1F77D4F400D93E56 /* Debug */,
				404771701F77D4F400D93E56 /* Release */,
			);
			defaultConfigurationIsVisible = 0;
			defaultConfigurationName = Release;
		};
		404771711F77D4F400D93E56 /* Build configuration list for PBXNativeTarget "HADashboard Viewer" */ = {
			isa = XCConfigurationList;
			buildConfigurations = (
				404771721F77D4F400D93E56 /* Debug */,
				404771731F77D4F400D93E56 /* Release */,
			);
			defaultConfigurationIsVisible = 0;
			defaultConfigurationName = Release;
		};
		404771741F77D4F400D93E56 /* Build configuration list for PBXNativeTarget "HADashboard ViewerTests" */ = {
			isa = XCConfigurationList;
			buildConfigurations = (
				404771751F77D4F400D93E56 /* Debug */,
				404771761F77D4F400D93E56 /* Release */,
			);
			defaultConfigurationIsVisible = 0;
			defaultConfigurationName = Release;
		};
		404771771F77D4F400D93E56 /* Build configuration list for PBXNativeTarget "HADashboard ViewerUITests" */ = {
			isa = XCConfigurationList;
			buildConfigurations = (
				404771781F77D4F400D93E56 /* Debug */,
				404771791F77D4F400D93E56 /* Release */,
			);
			defaultConfigurationIsVisible = 0;
			defaultConfigurationName = Release;
		};
/* End XCConfigurationList section */
	};
	rootObject = 4047713D1F77D4F400D93E56 /* Project object */;
}
