// !$*UTF8*$!
{
	archiveVersion = 1;
	classes = {
	};
	objectVersion = 48;
	objects = {

/* Begin PBXBuildFile section */
		27F9E166E5BA22ED986267DB /* Pods_HADashboard_Viewer.framework in Frameworks */ = {isa = PBXBuildFile; fileRef = B9ADF7363F949830E84ACE1D /* Pods_HADashboard_Viewer.framework */; };
		4029B0D51F83FE50004C5567 /* main.swift in Sources */ = {isa = PBXBuildFile; fileRef = 4029B0D41F83FE50004C5567 /* main.swift */; };
		4029B0D91F83FFD7004C5567 /* TimerApplication.swift in Sources */ = {isa = PBXBuildFile; fileRef = 4029B0D81F83FFD7004C5567 /* TimerApplication.swift */; };
		4029B0DB1F840047004C5567 /* NotificationName+Extension.swift in Sources */ = {isa = PBXBuildFile; fileRef = 4029B0DA1F840047004C5567 /* NotificationName+Extension.swift */; };
		404771491F77D4F400D93E56 /* AppDelegate.swift in Sources */ = {isa = PBXBuildFile; fileRef = 404771481F77D4F400D93E56 /* AppDelegate.swift */; };
		404771541F77D4F400D93E56 /* Assets.xcassets in Resources */ = {isa = PBXBuildFile; fileRef = 404771531F77D4F400D93E56 /* Assets.xcassets */; };
		404771571F77D4F400D93E56 /* LaunchScreen.storyboard in Resources */ = {isa = PBXBuildFile; fileRef = 404771551F77D4F400D93E56 /* LaunchScreen.storyboard */; };
		404771621F77D4F400D93E56 /* HADashboard_ViewerTests.swift in Sources */ = {isa = PBXBuildFile; fileRef = 404771611F77D4F400D93E56 /* HADashboard_ViewerTests.swift */; };
		4047716D1F77D4F400D93E56 /* HADashboard_ViewerUITests.swift in Sources */ = {isa = PBXBuildFile; fileRef = 4047716C1F77D4F400D93E56 /* HADashboard_ViewerUITests.swift */; };
		4047717B1F77D9B100D93E56 /* HADHomeViewController.swift in Sources */ = {isa = PBXBuildFile; fileRef = 4047717A1F77D9B100D93E56 /* HADHomeViewController.swift */; };
		81057AEC2066CD51005BFA1E /* Secrets.swift in Sources */ = {isa = PBXBuildFile; fileRef = 81057AEB2066CD51005BFA1E /* Secrets.swift */; };
		810DE37D1FACBE99009B197D /* HADMainViewController.swift in Sources */ = {isa = PBXBuildFile; fileRef = 810DE37C1FACBE99009B197D /* HADMainViewController.swift */; };
		81113FA3206E1BE500A35EBC /* HADEntityManager.swift in Sources */ = {isa = PBXBuildFile; fileRef = 81113FA2206E1BE500A35EBC /* HADEntityManager.swift */; };
		813B85DA20F0F01D00A98B5D /* HADUpstairsViewController.swift in Sources */ = {isa = PBXBuildFile; fileRef = 813B85D920F0F01D00A98B5D /* HADUpstairsViewController.swift */; };
		8155CE34205CF3CE00D1031D /* HADApiClient.swift in Sources */ = {isa = PBXBuildFile; fileRef = 8155CE33205CF3CE00D1031D /* HADApiClient.swift */; };
		8155CE37205D01AA00D1031D /* Entity.swift in Sources */ = {isa = PBXBuildFile; fileRef = 8155CE36205D01AA00D1031D /* Entity.swift */; };
		816D431A1FAB6CB30019A43B /* Main.storyboard in Resources */ = {isa = PBXBuildFile; fileRef = 816D43191FAB6CB30019A43B /* Main.storyboard */; };
		8173BD872079F92100E3B96D /* MultiCastDelegate.swift in Sources */ = {isa = PBXBuildFile; fileRef = 8173BD862079F92100E3B96D /* MultiCastDelegate.swift */; };
		8173BD89207A05F400E3B96D /* UIColor+dashboardColors.swift in Sources */ = {isa = PBXBuildFile; fileRef = 8173BD88207A05F400E3B96D /* UIColor+dashboardColors.swift */; };
		8173BD8B207A0A6A00E3B96D /* HAScrollViewController.swift in Sources */ = {isa = PBXBuildFile; fileRef = 8173BD8A207A0A6A00E3B96D /* HAScrollViewController.swift */; };
		81A75997205C0B190080B3EA /* Apartment.png in Resources */ = {isa = PBXBuildFile; fileRef = 81A75996205C0B190080B3EA /* Apartment.png */; };
		81A75999205C56200080B3EA /* HADWebsocketClient.swift in Sources */ = {isa = PBXBuildFile; fileRef = 81A75998205C56200080B3EA /* HADWebsocketClient.swift */; };
		81EE0A73206657BD00B6203E /* HADWebSocketViewController.swift in Sources */ = {isa = PBXBuildFile; fileRef = 81EE0A72206657BD00B6203E /* HADWebSocketViewController.swift */; };
		81EE0A752066A5FE00B6203E /* StoryboardiPhone.storyboard in Resources */ = {isa = PBXBuildFile; fileRef = 81EE0A742066A5FE00B6203E /* StoryboardiPhone.storyboard */; };
		8BF6E0406C1732D3D1F12D36 /* Pods_HADashboard_ViewerTests.framework in Frameworks */ = {isa = PBXBuildFile; fileRef = D4F849DB5BC6630ACD7D20D0 /* Pods_HADashboard_ViewerTests.framework */; };
		9F7FB356A69323C81B236D42 /* Pods_HADashboard_ViewerUITests.framework in Frameworks */ = {isa = PBXBuildFile; fileRef = A4E2AA7018CCF83C8FAEA44E /* Pods_HADashboard_ViewerUITests.framework */; };
/* End PBXBuildFile section */

/* Begin PBXContainerItemProxy section */
		4047715E1F77D4F400D93E56 /* PBXContainerItemProxy */ = {
			isa = PBXContainerItemProxy;
			containerPortal = 4047713D1F77D4F400D93E56 /* Project object */;
			proxyType = 1;
			remoteGlobalIDString = 404771441F77D4F400D93E56;
			remoteInfo = "HADashboard Viewer";
		};
		404771691F77D4F400D93E56 /* PBXContainerItemProxy */ = {
			isa = PBXContainerItemProxy;
			containerPortal = 4047713D1F77D4F400D93E56 /* Project object */;
			proxyType = 1;
			remoteGlobalIDString = 404771441F77D4F400D93E56;
			remoteInfo = "HADashboard Viewer";
		};
/* End PBXContainerItemProxy section */

/* Begin PBXFileReference section */
		0F1AEEDB3F816CC95978ED52 /* Pods-HADashboard ViewerTests.debug.xcconfig */ = {isa = PBXFileReference; includeInIndex = 1; lastKnownFileType = text.xcconfig; name = "Pods-HADashboard ViewerTests.debug.xcconfig"; path = "Pods/Target Support Files/Pods-HADashboard ViewerTests/Pods-HADashboard ViewerTests.debug.xcconfig"; sourceTree = "<group>"; };
		31CAA54E049B06D39FBB7472 /* Pods-HADashboard Viewer.debug.xcconfig */ = {isa = PBXFileReference; includeInIndex = 1; lastKnownFileType = text.xcconfig; name = "Pods-HADashboard Viewer.debug.xcconfig"; path = "Pods/Target Support Files/Pods-HADashboard Viewer/Pods-HADashboard Viewer.debug.xcconfig"; sourceTree = "<group>"; };
		4029B0D41F83FE50004C5567 /* main.swift */ = {isa = PBXFileReference; lastKnownFileType = sourcecode.swift; path = main.swift; sourceTree = "<group>"; };
		4029B0D81F83FFD7004C5567 /* TimerApplication.swift */ = {isa = PBXFileReference; lastKnownFileType = sourcecode.swift; path = TimerApplication.swift; sourceTree = "<group>"; };
		4029B0DA1F840047004C5567 /* NotificationName+Extension.swift */ = {isa = PBXFileReference; lastKnownFileType = sourcecode.swift; path = "NotificationName+Extension.swift"; sourceTree = "<group>"; };
		404771451F77D4F400D93E56 /* HADashboard Viewer.app */ = {isa = PBXFileReference; explicitFileType = wrapper.application; includeInIndex = 0; path = "HADashboard Viewer.app"; sourceTree = BUILT_PRODUCTS_DIR; };
		404771481F77D4F400D93E56 /* AppDelegate.swift */ = {isa = PBXFileReference; lastKnownFileType = sourcecode.swift; path = AppDelegate.swift; sourceTree = "<group>"; };
		404771531F77D4F400D93E56 /* Assets.xcassets */ = {isa = PBXFileReference; lastKnownFileType = folder.assetcatalog; path = Assets.xcassets; sourceTree = "<group>"; };
		404771561F77D4F400D93E56 /* Base */ = {isa = PBXFileReference; lastKnownFileType = file.storyboard; name = Base; path = Base.lproj/LaunchScreen.storyboard; sourceTree = "<group>"; };
		404771581F77D4F400D93E56 /* Info.plist */ = {isa = PBXFileReference; lastKnownFileType = text.plist.xml; path = Info.plist; sourceTree = "<group>"; };
		4047715D1F77D4F400D93E56 /* HADashboard ViewerTests.xctest */ = {isa = PBXFileReference; explicitFileType = wrapper.cfbundle; includeInIndex = 0; path = "HADashboard ViewerTests.xctest"; sourceTree = BUILT_PRODUCTS_DIR; };
		404771611F77D4F400D93E56 /* HADashboard_ViewerTests.swift */ = {isa = PBXFileReference; lastKnownFileType = sourcecode.swift; path = HADashboard_ViewerTests.swift; sourceTree = "<group>"; };
		404771631F77D4F400D93E56 /* Info.plist */ = {isa = PBXFileReference; lastKnownFileType = text.plist.xml; path = Info.plist; sourceTree = "<group>"; };
		404771681F77D4F400D93E56 /* HADashboard ViewerUITests.xctest */ = {isa = PBXFileReference; explicitFileType = wrapper.cfbundle; includeInIndex = 0; path = "HADashboard ViewerUITests.xctest"; sourceTree = BUILT_PRODUCTS_DIR; };
		4047716C1F77D4F400D93E56 /* HADashboard_ViewerUITests.swift */ = {isa = PBXFileReference; lastKnownFileType = sourcecode.swift; path = HADashboard_ViewerUITests.swift; sourceTree = "<group>"; };
		4047716E1F77D4F400D93E56 /* Info.plist */ = {isa = PBXFileReference; lastKnownFileType = text.plist.xml; path = Info.plist; sourceTree = "<group>"; };
		4047717A1F77D9B100D93E56 /* HADHomeViewController.swift */ = {isa = PBXFileReference; lastKnownFileType = sourcecode.swift; path = HADHomeViewController.swift; sourceTree = "<group>"; };
		48BE41B18B4F5FE76625E857 /* Pods-HADashboard ViewerUITests.release.xcconfig */ = {isa = PBXFileReference; includeInIndex = 1; lastKnownFileType = text.xcconfig; name = "Pods-HADashboard ViewerUITests.release.xcconfig"; path = "Pods/Target Support Files/Pods-HADashboard ViewerUITests/Pods-HADashboard ViewerUITests.release.xcconfig"; sourceTree = "<group>"; };
		49A3BDDD689C97EA12297AD7 /* Pods-HADashboard ViewerTests.release.xcconfig */ = {isa = PBXFileReference; includeInIndex = 1; lastKnownFileType = text.xcconfig; name = "Pods-HADashboard ViewerTests.release.xcconfig"; path = "Pods/Target Support Files/Pods-HADashboard ViewerTests/Pods-HADashboard ViewerTests.release.xcconfig"; sourceTree = "<group>"; };
		81057AEB2066CD51005BFA1E /* Secrets.swift */ = {isa = PBXFileReference; lastKnownFileType = sourcecode.swift; path = Secrets.swift; sourceTree = "<group>"; };
		810DE37C1FACBE99009B197D /* HADMainViewController.swift */ = {isa = PBXFileReference; lastKnownFileType = sourcecode.swift; path = HADMainViewController.swift; sourceTree = "<group>"; };
		81113FA2206E1BE500A35EBC /* HADEntityManager.swift */ = {isa = PBXFileReference; lastKnownFileType = sourcecode.swift; path = HADEntityManager.swift; sourceTree = "<group>"; };
		813B85D920F0F01D00A98B5D /* HADUpstairsViewController.swift */ = {isa = PBXFileReference; lastKnownFileType = sourcecode.swift; path = HADUpstairsViewController.swift; sourceTree = "<group>"; };
		8155CE33205CF3CE00D1031D /* HADApiClient.swift */ = {isa = PBXFileReference; lastKnownFileType = sourcecode.swift; path = HADApiClient.swift; sourceTree = "<group>"; };
		8155CE36205D01AA00D1031D /* Entity.swift */ = {isa = PBXFileReference; lastKnownFileType = sourcecode.swift; path = Entity.swift; sourceTree = "<group>"; };
		816D43191FAB6CB30019A43B /* Main.storyboard */ = {isa = PBXFileReference; lastKnownFileType = file.storyboard; path = Main.storyboard; sourceTree = "<group>"; };
		8173BD862079F92100E3B96D /* MultiCastDelegate.swift */ = {isa = PBXFileReference; lastKnownFileType = sourcecode.swift; path = MultiCastDelegate.swift; sourceTree = "<group>"; };
		8173BD88207A05F400E3B96D /* UIColor+dashboardColors.swift */ = {isa = PBXFileReference; lastKnownFileType = sourcecode.swift; path = "UIColor+dashboardColors.swift"; sourceTree = "<group>"; };
		8173BD8A207A0A6A00E3B96D /* HAScrollViewController.swift */ = {isa = PBXFileReference; lastKnownFileType = sourcecode.swift; path = HAScrollViewController.swift; sourceTree = "<group>"; };
		81A75996205C0B190080B3EA /* Apartment.png */ = {isa = PBXFileReference; lastKnownFileType = image.png; path = Apartment.png; sourceTree = SOURCE_ROOT; };
		81A75998205C56200080B3EA /* HADWebsocketClient.swift */ = {isa = PBXFileReference; lastKnownFileType = sourcecode.swift; path = HADWebsocketClient.swift; sourceTree = "<group>"; };
		81EE0A72206657BD00B6203E /* HADWebSocketViewController.swift */ = {isa = PBXFileReference; lastKnownFileType = sourcecode.swift; name = HADWebSocketViewController.swift; path = "HADashboard Viewer/HADWebSocketViewController.swift"; sourceTree = SOURCE_ROOT; };
		81EE0A742066A5FE00B6203E /* StoryboardiPhone.storyboard */ = {isa = PBXFileReference; lastKnownFileType = file.storyboard; path = StoryboardiPhone.storyboard; sourceTree = "<group>"; };
		8371F9689BF5748EB85663EF /* Pods-HADashboard Viewer.release.xcconfig */ = {isa = PBXFileReference; includeInIndex = 1; lastKnownFileType = text.xcconfig; name = "Pods-HADashboard Viewer.release.xcconfig"; path = "Pods/Target Support Files/Pods-HADashboard Viewer/Pods-HADashboard Viewer.release.xcconfig"; sourceTree = "<group>"; };
		A4E2AA7018CCF83C8FAEA44E /* Pods_HADashboard_ViewerUITests.framework */ = {isa = PBXFileReference; explicitFileType = wrapper.framework; includeInIndex = 0; path = Pods_HADashboard_ViewerUITests.framework; sourceTree = BUILT_PRODUCTS_DIR; };
		B9ADF7363F949830E84ACE1D /* Pods_HADashboard_Viewer.framework */ = {isa = PBXFileReference; explicitFileType = wrapper.framework; includeInIndex = 0; path = Pods_HADashboard_Viewer.framework; sourceTree = BUILT_PRODUCTS_DIR; };
		D4F849DB5BC6630ACD7D20D0 /* Pods_HADashboard_ViewerTests.framework */ = {isa = PBXFileReference; explicitFileType = wrapper.framework; includeInIndex = 0; path = Pods_HADashboard_ViewerTests.framework; sourceTree = BUILT_PRODUCTS_DIR; };
		DBF010A363CDA2975F04A754 /* Pods-HADashboard ViewerUITests.debug.xcconfig */ = {isa = PBXFileReference; includeInIndex = 1; lastKnownFileType = text.xcconfig; name = "Pods-HADashboard ViewerUITests.debug.xcconfig"; path = "Pods/Target Support Files/Pods-HADashboard ViewerUITests/Pods-HADashboard ViewerUITests.debug.xcconfig"; sourceTree = "<group>"; };
/* End PBXFileReference section */

/* Begin PBXFrameworksBuildPhase section */
		404771421F77D4F400D93E56 /* Frameworks */ = {
			isa = PBXFrameworksBuildPhase;
			buildActionMask = 2147483647;
			files = (
				27F9E166E5BA22ED986267DB /* Pods_HADashboard_Viewer.framework in Frameworks */,
			);
			runOnlyForDeploymentPostprocessing = 0;
		};
		4047715A1F77D4F400D93E56 /* Frameworks */ = {
			isa = PBXFrameworksBuildPhase;
			buildActionMask = 2147483647;
			files = (
				8BF6E0406C1732D3D1F12D36 /* Pods_HADashboard_ViewerTests.framework in Frameworks */,
			);
			runOnlyForDeploymentPostprocessing = 0;
		};
		404771651F77D4F400D93E56 /* Frameworks */ = {
			isa = PBXFrameworksBuildPhase;
			buildActionMask = 2147483647;
			files = (
				9F7FB356A69323C81B236D42 /* Pods_HADashboard_ViewerUITests.framework in Frameworks */,
			);
			runOnlyForDeploymentPostprocessing = 0;
		};
/* End PBXFrameworksBuildPhase section */

/* Begin PBXGroup section */
		0EF5D654C65B6939E431938F /* Pods */ = {
			isa = PBXGroup;
			children = (
				31CAA54E049B06D39FBB7472 /* Pods-HADashboard Viewer.debug.xcconfig */,
				8371F9689BF5748EB85663EF /* Pods-HADashboard Viewer.release.xcconfig */,
				0F1AEEDB3F816CC95978ED52 /* Pods-HADashboard ViewerTests.debug.xcconfig */,
				49A3BDDD689C97EA12297AD7 /* Pods-HADashboard ViewerTests.release.xcconfig */,
				DBF010A363CDA2975F04A754 /* Pods-HADashboard ViewerUITests.debug.xcconfig */,
				48BE41B18B4F5FE76625E857 /* Pods-HADashboard ViewerUITests.release.xcconfig */,
			);
			name = Pods;
			sourceTree = "<group>";
		};
		4047713C1F77D4F400D93E56 = {
			isa = PBXGroup;
			children = (
				404771471F77D4F400D93E56 /* HADashboard Viewer */,
				404771601F77D4F400D93E56 /* HADashboard ViewerTests */,
				4047716B1F77D4F400D93E56 /* HADashboard ViewerUITests */,
				404771461F77D4F400D93E56 /* Products */,
				0EF5D654C65B6939E431938F /* Pods */,
				D2599B29BF6132708FF25245 /* Frameworks */,
			);
			sourceTree = "<group>";
		};
		404771461F77D4F400D93E56 /* Products */ = {
			isa = PBXGroup;
			children = (
				404771451F77D4F400D93E56 /* HADashboard Viewer.app */,
				4047715D1F77D4F400D93E56 /* HADashboard ViewerTests.xctest */,
				404771681F77D4F400D93E56 /* HADashboard ViewerUITests.xctest */,
			);
			name = Products;
			sourceTree = "<group>";
		};
		404771471F77D4F400D93E56 /* HADashboard Viewer */ = {
			isa = PBXGroup;
			children = (
				81EE0A712066576B00B6203E /* Main */,
				81EE0A702066574F00B6203E /* Dimming */,
				8155CE30205CEE8800D1031D /* Api */,
				4047717A1F77D9B100D93E56 /* HADHomeViewController.swift */,
				810DE37C1FACBE99009B197D /* HADMainViewController.swift */,
				813B85D920F0F01D00A98B5D /* HADUpstairsViewController.swift */,
				8173BD8A207A0A6A00E3B96D /* HAScrollViewController.swift */,
				81EE0A72206657BD00B6203E /* HADWebSocketViewController.swift */,
				81113FA1206E1BCD00A35EBC /* Manager */,
				8155CE35205D019900D1031D /* Model */,
				404771531F77D4F400D93E56 /* Assets.xcassets */,
				81A75996205C0B190080B3EA /* Apartment.png */,
				404771551F77D4F400D93E56 /* LaunchScreen.storyboard */,
				404771581F77D4F400D93E56 /* Info.plist */,
			);
			path = "HADashboard Viewer";
			sourceTree = "<group>";
		};
		404771601F77D4F400D93E56 /* HADashboard ViewerTests */ = {
			isa = PBXGroup;
			children = (
				404771611F77D4F400D93E56 /* HADashboard_ViewerTests.swift */,
				404771631F77D4F400D93E56 /* Info.plist */,
			);
			path = "HADashboard ViewerTests";
			sourceTree = "<group>";
		};
		4047716B1F77D4F400D93E56 /* HADashboard ViewerUITests */ = {
			isa = PBXGroup;
			children = (
				4047716C1F77D4F400D93E56 /* HADashboard_ViewerUITests.swift */,
				4047716E1F77D4F400D93E56 /* Info.plist */,
			);
			path = "HADashboard ViewerUITests";
			sourceTree = "<group>";
		};
		81113FA1206E1BCD00A35EBC /* Manager */ = {
			isa = PBXGroup;
			children = (
				81113FA2206E1BE500A35EBC /* HADEntityManager.swift */,
			);
			path = Manager;
			sourceTree = "<group>";
		};
		8155CE30205CEE8800D1031D /* Api */ = {
			isa = PBXGroup;
			children = (
				8155CE33205CF3CE00D1031D /* HADApiClient.swift */,
				81A75998205C56200080B3EA /* HADWebsocketClient.swift */,
			);
			path = Api;
			sourceTree = "<group>";
		};
		8155CE35205D019900D1031D /* Model */ = {
			isa = PBXGroup;
			children = (
				8155CE36205D01AA00D1031D /* Entity.swift */,
			);
			path = Model;
			sourceTree = "<group>";
		};
		81EE0A702066574F00B6203E /* Dimming */ = {
			isa = PBXGroup;
			children = (
				4029B0DA1F840047004C5567 /* NotificationName+Extension.swift */,
				4029B0D81F83FFD7004C5567 /* TimerApplication.swift */,
			);
			path = Dimming;
			sourceTree = "<group>";
		};
		81EE0A712066576B00B6203E /* Main */ = {
			isa = PBXGroup;
			children = (
				816D43191FAB6CB30019A43B /* Main.storyboard */,
				8173BD88207A05F400E3B96D /* UIColor+dashboardColors.swift */,
				81EE0A742066A5FE00B6203E /* StoryboardiPhone.storyboard */,
				81057AEB2066CD51005BFA1E /* Secrets.swift */,
				4029B0D41F83FE50004C5567 /* main.swift */,
				404771481F77D4F400D93E56 /* AppDelegate.swift */,
				8173BD862079F92100E3B96D /* MultiCastDelegate.swift */,
			);
			path = Main;
			sourceTree = "<group>";
		};
		D2599B29BF6132708FF25245 /* Frameworks */ = {
			isa = PBXGroup;
			children = (
				B9ADF7363F949830E84ACE1D /* Pods_HADashboard_Viewer.framework */,
				D4F849DB5BC6630ACD7D20D0 /* Pods_HADashboard_ViewerTests.framework */,
				A4E2AA7018CCF83C8FAEA44E /* Pods_HADashboard_ViewerUITests.framework */,
			);
			name = Frameworks;
			sourceTree = "<group>";
		};
/* End PBXGroup section */

/* Begin PBXNativeTarget section */
		404771441F77D4F400D93E56 /* HADashboard Viewer */ = {
			isa = PBXNativeTarget;
			buildConfigurationList = 404771711F77D4F400D93E56 /* Build configuration list for PBXNativeTarget "HADashboard Viewer" */;
			buildPhases = (
				66FB9D711759154F9388BAEF /* [CP] Check Pods Manifest.lock */,
				404771411F77D4F400D93E56 /* Sources */,
				404771421F77D4F400D93E56 /* Frameworks */,
				404771431F77D4F400D93E56 /* Resources */,
				5AE4E883B2EC3E15DFCACE42 /* [CP] Embed Pods Frameworks */,
				81C6734A35B7AA4694EA2776 /* [CP] Copy Pods Resources */,
			);
			buildRules = (
			);
			dependencies = (
			);
			name = "HADashboard Viewer";
			productName = "HADashboard Viewer";
			productReference = 404771451F77D4F400D93E56 /* HADashboard Viewer.app */;
			productType = "com.apple.product-type.application";
		};
		4047715C1F77D4F400D93E56 /* HADashboard ViewerTests */ = {
			isa = PBXNativeTarget;
			buildConfigurationList = 404771741F77D4F400D93E56 /* Build configuration list for PBXNativeTarget "HADashboard ViewerTests" */;
			buildPhases = (
				4861FCD6228EB96D3AE21A7B /* [CP] Check Pods Manifest.lock */,
				404771591F77D4F400D93E56 /* Sources */,
				4047715A1F77D4F400D93E56 /* Frameworks */,
				4047715B1F77D4F400D93E56 /* Resources */,
				07BF17E25AF71E032B58A04A /* [CP] Embed Pods Frameworks */,
				E92C3F004169080ADF13B425 /* [CP] Copy Pods Resources */,
			);
			buildRules = (
			);
			dependencies = (
				4047715F1F77D4F400D93E56 /* PBXTargetDependency */,
			);
			name = "HADashboard ViewerTests";
			productName = "HADashboard ViewerTests";
			productReference = 4047715D1F77D4F400D93E56 /* HADashboard ViewerTests.xctest */;
			productType = "com.apple.product-type.bundle.unit-test";
		};
		404771671F77D4F400D93E56 /* HADashboard ViewerUITests */ = {
			isa = PBXNativeTarget;
			buildConfigurationList = 404771771F77D4F400D93E56 /* Build configuration list for PBXNativeTarget "HADashboard ViewerUITests" */;
			buildPhases = (
				2C29CEC43BD1A37793A199BE /* [CP] Check Pods Manifest.lock */,
				404771641F77D4F400D93E56 /* Sources */,
				404771651F77D4F400D93E56 /* Frameworks */,
				404771661F77D4F400D93E56 /* Resources */,
				40CE4E6C9A4B785E5E361E85 /* [CP] Embed Pods Frameworks */,
				71E245959434309385A5011A /* [CP] Copy Pods Resources */,
			);
			buildRules = (
			);
			dependencies = (
				4047716A1F77D4F400D93E56 /* PBXTargetDependency */,
			);
			name = "HADashboard ViewerUITests";
			productName = "HADashboard ViewerUITests";
			productReference = 404771681F77D4F400D93E56 /* HADashboard ViewerUITests.xctest */;
			productType = "com.apple.product-type.bundle.ui-testing";
		};
/* End PBXNativeTarget section */

/* Begin PBXProject section */
		4047713D1F77D4F400D93E56 /* Project object */ = {
			isa = PBXProject;
			attributes = {
				LastSwiftUpdateCheck = 0900;
				LastUpgradeCheck = 0900;
				ORGANIZATIONNAME = "Luca Kaufmann";
				TargetAttributes = {
					404771441F77D4F400D93E56 = {
						CreatedOnToolsVersion = 9.0;
						ProvisioningStyle = Automatic;
					};
					4047715C1F77D4F400D93E56 = {
						CreatedOnToolsVersion = 9.0;
						ProvisioningStyle = Automatic;
						TestTargetID = 404771441F77D4F400D93E56;
					};
					404771671F77D4F400D93E56 = {
						CreatedOnToolsVersion = 9.0;
						ProvisioningStyle = Automatic;
						TestTargetID = 404771441F77D4F400D93E56;
					};
				};
			};
			buildConfigurationList = 404771401F77D4F400D93E56 /* Build configuration list for PBXProject "HADashboard Viewer" */;
			compatibilityVersion = "Xcode 8.0";
			developmentRegion = en;
			hasScannedForEncodings = 0;
			knownRegions = (
				en,
				Base,
			);
			mainGroup = 4047713C1F77D4F400D93E56;
			productRefGroup = 404771461F77D4F400D93E56 /* Products */;
			projectDirPath = "";
			projectRoot = "";
			targets = (
				404771441F77D4F400D93E56 /* HADashboard Viewer */,
				4047715C1F77D4F400D93E56 /* HADashboard ViewerTests */,
				404771671F77D4F400D93E56 /* HADashboard ViewerUITests */,
			);
		};
/* End PBXProject section */

/* Begin PBXResourcesBuildPhase section */
		404771431F77D4F400D93E56 /* Resources */ = {
			isa = PBXResourcesBuildPhase;
			buildActionMask = 2147483647;
			files = (
				81A75997205C0B190080B3EA /* Apartment.png in Resources */,
				81EE0A752066A5FE00B6203E /* StoryboardiPhone.storyboard in Resources */,
				816D431A1FAB6CB30019A43B /* Main.storyboard in Resources */,
				404771571F77D4F400D93E56 /* LaunchScreen.storyboard in Resources */,
				404771541F77D4F400D93E56 /* Assets.xcassets in Resources */,
			);
			runOnlyForDeploymentPostprocessing = 0;
		};
		4047715B1F77D4F400D93E56 /* Resources */ = {
			isa = PBXResourcesBuildPhase;
			buildActionMask = 2147483647;
			files = (
			);
			runOnlyForDeploymentPostprocessing = 0;
		};
		404771661F77D4F400D93E56 /* Resources */ = {
			isa = PBXResourcesBuildPhase;
			buildActionMask = 2147483647;
			files = (
			);
			runOnlyForDeploymentPostprocessing = 0;
		};
/* End PBXResourcesBuildPhase section */

/* Begin PBXShellScriptBuildPhase section */
		07BF17E25AF71E032B58A04A /* [CP] Embed Pods Frameworks */ = {
			isa = PBXShellScriptBuildPhase;
			buildActionMask = 2147483647;
			files = (
			);
			inputPaths = (
			);
			name = "[CP] Embed Pods Frameworks";
			outputPaths = (
			);
			runOnlyForDeploymentPostprocessing = 0;
			shellPath = /bin/sh;
			shellScript = "\"${SRCROOT}/Pods/Target Support Files/Pods-HADashboard ViewerTests/Pods-HADashboard ViewerTests-frameworks.sh\"\n";
			showEnvVarsInLog = 0;
		};
		2C29CEC43BD1A37793A199BE /* [CP] Check Pods Manifest.lock */ = {
			isa = PBXShellScriptBuildPhase;
			buildActionMask = 2147483647;
			files = (
			);
			inputPaths = (
				"${PODS_PODFILE_DIR_PATH}/Podfile.lock",
				"${PODS_ROOT}/Manifest.lock",
			);
			name = "[CP] Check Pods Manifest.lock";
			outputPaths = (
				"$(DERIVED_FILE_DIR)/Pods-HADashboard ViewerUITests-checkManifestLockResult.txt",
			);
			runOnlyForDeploymentPostprocessing = 0;
			shellPath = /bin/sh;
			shellScript = "diff \"${PODS_PODFILE_DIR_PATH}/Podfile.lock\" \"${PODS_ROOT}/Manifest.lock\" > /dev/null\nif [ $? != 0 ] ; then\n    # print error to STDERR\n    echo \"error: The sandbox is not in sync with the Podfile.lock. Run 'pod install' or update your CocoaPods installation.\" >&2\n    exit 1\nfi\n# This output is used by Xcode 'outputs' to avoid re-running this script phase.\necho \"SUCCESS\" > \"${SCRIPT_OUTPUT_FILE_0}\"\n";
			showEnvVarsInLog = 0;
		};
		40CE4E6C9A4B785E5E361E85 /* [CP] Embed Pods Frameworks */ = {
			isa = PBXShellScriptBuildPhase;
			buildActionMask = 2147483647;
			files = (
			);
			inputPaths = (
			);
			name = "[CP] Embed Pods Frameworks";
			outputPaths = (
			);
			runOnlyForDeploymentPostprocessing = 0;
			shellPath = /bin/sh;
			shellScript = "\"${SRCROOT}/Pods/Target Support Files/Pods-HADashboard ViewerUITests/Pods-HADashboard ViewerUITests-frameworks.sh\"\n";
			showEnvVarsInLog = 0;
		};
		4861FCD6228EB96D3AE21A7B /* [CP] Check Pods Manifest.lock */ = {
			isa = PBXShellScriptBuildPhase;
			buildActionMask = 2147483647;
			files = (
			);
			inputPaths = (
				"${PODS_PODFILE_DIR_PATH}/Podfile.lock",
				"${PODS_ROOT}/Manifest.lock",
			);
			name = "[CP] Check Pods Manifest.lock";
			outputPaths = (
				"$(DERIVED_FILE_DIR)/Pods-HADashboard ViewerTests-checkManifestLockResult.txt",
			);
			runOnlyForDeploymentPostprocessing = 0;
			shellPath = /bin/sh;
			shellScript = "diff \"${PODS_PODFILE_DIR_PATH}/Podfile.lock\" \"${PODS_ROOT}/Manifest.lock\" > /dev/null\nif [ $? != 0 ] ; then\n    # print error to STDERR\n    echo \"error: The sandbox is not in sync with the Podfile.lock. Run 'pod install' or update your CocoaPods installation.\" >&2\n    exit 1\nfi\n# This output is used by Xcode 'outputs' to avoid re-running this script phase.\necho \"SUCCESS\" > \"${SCRIPT_OUTPUT_FILE_0}\"\n";
			showEnvVarsInLog = 0;
		};
		5AE4E883B2EC3E15DFCACE42 /* [CP] Embed Pods Frameworks */ = {
			isa = PBXShellScriptBuildPhase;
			buildActionMask = 2147483647;
			files = (
			);
			inputPaths = (
				"${SRCROOT}/Pods/Target Support Files/Pods-HADashboard Viewer/Pods-HADashboard Viewer-frameworks.sh",
				"${BUILT_PRODUCTS_DIR}/Alamofire/Alamofire.framework",
				"${BUILT_PRODUCTS_DIR}/SideMenu/SideMenu.framework",
				"${BUILT_PRODUCTS_DIR}/Starscream/Starscream.framework",
				"${BUILT_PRODUCTS_DIR}/SwiftyJSON/SwiftyJSON.framework",
			);
			name = "[CP] Embed Pods Frameworks";
			outputPaths = (
				"${TARGET_BUILD_DIR}/${FRAMEWORKS_FOLDER_PATH}/Alamofire.framework",
				"${TARGET_BUILD_DIR}/${FRAMEWORKS_FOLDER_PATH}/SideMenu.framework",
				"${TARGET_BUILD_DIR}/${FRAMEWORKS_FOLDER_PATH}/Starscream.framework",
				"${TARGET_BUILD_DIR}/${FRAMEWORKS_FOLDER_PATH}/SwiftyJSON.framework",
			);
			runOnlyForDeploymentPostprocessing = 0;
			shellPath = /bin/sh;
			shellScript = "\"${SRCROOT}/Pods/Target Support Files/Pods-HADashboard Viewer/Pods-HADashboard Viewer-frameworks.sh\"\n";
			showEnvVarsInLog = 0;
		};
		66FB9D711759154F9388BAEF /* [CP] Check Pods Manifest.lock */ = {
			isa = PBXShellScriptBuildPhase;
			buildActionMask = 2147483647;
			files = (
			);
			inputPaths = (
				"${PODS_PODFILE_DIR_PATH}/Podfile.lock",
				"${PODS_ROOT}/Manifest.lock",
			);
			name = "[CP] Check Pods Manifest.lock";
			outputPaths = (
				"$(DERIVED_FILE_DIR)/Pods-HADashboard Viewer-checkManifestLockResult.txt",
			);
			runOnlyForDeploymentPostprocessing = 0;
			shellPath = /bin/sh;
			shellScript = "diff \"${PODS_PODFILE_DIR_PATH}/Podfile.lock\" \"${PODS_ROOT}/Manifest.lock\" > /dev/null\nif [ $? != 0 ] ; then\n    # print error to STDERR\n    echo \"error: The sandbox is not in sync with the Podfile.lock. Run 'pod install' or update your CocoaPods installation.\" >&2\n    exit 1\nfi\n# This output is used by Xcode 'outputs' to avoid re-running this script phase.\necho \"SUCCESS\" > \"${SCRIPT_OUTPUT_FILE_0}\"\n";
			showEnvVarsInLog = 0;
		};
		71E245959434309385A5011A /* [CP] Copy Pods Resources */ = {
			isa = PBXShellScriptBuildPhase;
			buildActionMask = 2147483647;
			files = (
			);
			inputPaths = (
			);
			name = "[CP] Copy Pods Resources";
			outputPaths = (
			);
			runOnlyForDeploymentPostprocessing = 0;
			shellPath = /bin/sh;
			shellScript = "\"${SRCROOT}/Pods/Target Support Files/Pods-HADashboard ViewerUITests/Pods-HADashboard ViewerUITests-resources.sh\"\n";
			showEnvVarsInLog = 0;
		};
		81C6734A35B7AA4694EA2776 /* [CP] Copy Pods Resources */ = {
			isa = PBXShellScriptBuildPhase;
			buildActionMask = 2147483647;
			files = (
			);
			inputPaths = (
			);
			name = "[CP] Copy Pods Resources";
			outputPaths = (
			);
			runOnlyForDeploymentPostprocessing = 0;
			shellPath = /bin/sh;
			shellScript = "\"${SRCROOT}/Pods/Target Support Files/Pods-HADashboard Viewer/Pods-HADashboard Viewer-resources.sh\"\n";
			showEnvVarsInLog = 0;
		};
		E92C3F004169080ADF13B425 /* [CP] Copy Pods Resources */ = {
			isa = PBXShellScriptBuildPhase;
			buildActionMask = 2147483647;
			files = (
			);
			inputPaths = (
			);
			name = "[CP] Copy Pods Resources";
			outputPaths = (
			);
			runOnlyForDeploymentPostprocessing = 0;
			shellPath = /bin/sh;
			shellScript = "\"${SRCROOT}/Pods/Target Support Files/Pods-HADashboard ViewerTests/Pods-HADashboard ViewerTests-resources.sh\"\n";
			showEnvVarsInLog = 0;
		};
/* End PBXShellScriptBuildPhase section */

/* Begin PBXSourcesBuildPhase section */
		404771411F77D4F400D93E56 /* Sources */ = {
			isa = PBXSourcesBuildPhase;
			buildActionMask = 2147483647;
			files = (
				8155CE37205D01AA00D1031D /* Entity.swift in Sources */,
				813B85DA20F0F01D00A98B5D /* HADUpstairsViewController.swift in Sources */,
				8173BD872079F92100E3B96D /* MultiCastDelegate.swift in Sources */,
				8173BD8B207A0A6A00E3B96D /* HAScrollViewController.swift in Sources */,
				81057AEC2066CD51005BFA1E /* Secrets.swift in Sources */,
				810DE37D1FACBE99009B197D /* HADMainViewController.swift in Sources */,
				8173BD89207A05F400E3B96D /* UIColor+dashboardColors.swift in Sources */,
				4029B0D91F83FFD7004C5567 /* TimerApplication.swift in Sources */,
				4029B0D51F83FE50004C5567 /* main.swift in Sources */,
				4047717B1F77D9B100D93E56 /* HADHomeViewController.swift in Sources */,
				81113FA3206E1BE500A35EBC /* HADEntityManager.swift in Sources */,
				81EE0A73206657BD00B6203E /* HADWebSocketViewController.swift in Sources */,
				4029B0DB1F840047004C5567 /* NotificationName+Extension.swift in Sources */,
				81A75999205C56200080B3EA /* HADWebsocketClient.swift in Sources */,
				8155CE34205CF3CE00D1031D /* HADApiClient.swift in Sources */,
				404771491F77D4F400D93E56 /* AppDelegate.swift in Sources */,
			);
			runOnlyForDeploymentPostprocessing = 0;
		};
		404771591F77D4F400D93E56 /* Sources */ = {
			isa = PBXSourcesBuildPhase;
			buildActionMask = 2147483647;
			files = (
				404771621F77D4F400D93E56 /* HADashboard_ViewerTests.swift in Sources */,
			);
			runOnlyForDeploymentPostprocessing = 0;
		};
		404771641F77D4F400D93E56 /* Sources */ = {
			isa = PBXSourcesBuildPhase;
			buildActionMask = 2147483647;
			files = (
				4047716D1F77D4F400D93E56 /* HADashboard_ViewerUITests.swift in Sources */,
			);
			runOnlyForDeploymentPostprocessing = 0;
		};
/* End PBXSourcesBuildPhase section */

/* Begin PBXTargetDependency section */
		4047715F1F77D4F400D93E56 /* PBXTargetDependency */ = {
			isa = PBXTargetDependency;
			target = 404771441F77D4F400D93E56 /* HADashboard Viewer */;
			targetProxy = 4047715E1F77D4F400D93E56 /* PBXContainerItemProxy */;
		};
		4047716A1F77D4F400D93E56 /* PBXTargetDependency */ = {
			isa = PBXTargetDependency;
			target = 404771441F77D4F400D93E56 /* HADashboard Viewer */;
			targetProxy = 404771691F77D4F400D93E56 /* PBXContainerItemProxy */;
		};
/* End PBXTargetDependency section */

/* Begin PBXVariantGroup section */
		404771551F77D4F400D93E56 /* LaunchScreen.storyboard */ = {
			isa = PBXVariantGroup;
			children = (
				404771561F77D4F400D93E56 /* Base */,
			);
			name = LaunchScreen.storyboard;
			sourceTree = "<group>";
		};
/* End PBXVariantGroup section */

/* Begin XCBuildConfiguration section */
		4047716F1F77D4F400D93E56 /* Debug */ = {
			isa = XCBuildConfiguration;
			buildSettings = {
				ALWAYS_SEARCH_USER_PATHS = NO;
				CLANG_ANALYZER_NONNULL = YES;
				CLANG_ANALYZER_NUMBER_OBJECT_CONVERSION = YES_AGGRESSIVE;
				CLANG_CXX_LANGUAGE_STANDARD = "gnu++14";
				CLANG_CXX_LIBRARY = "libc++";
				CLANG_ENABLE_MODULES = YES;
				CLANG_ENABLE_OBJC_ARC = YES;
				CLANG_WARN_BLOCK_CAPTURE_AUTORELEASING = YES;
				CLANG_WARN_BOOL_CONVERSION = YES;
				CLANG_WARN_COMMA = YES;
				CLANG_WARN_CONSTANT_CONVERSION = YES;
				CLANG_WARN_DIRECT_OBJC_ISA_USAGE = YES_ERROR;
				CLANG_WARN_DOCUMENTATION_COMMENTS = YES;
				CLANG_WARN_EMPTY_BODY = YES;
				CLANG_WARN_ENUM_CONVERSION = YES;
				CLANG_WARN_INFINITE_RECURSION = YES;
				CLANG_WARN_INT_CONVERSION = YES;
				CLANG_WARN_NON_LITERAL_NULL_CONVERSION = YES;
				CLANG_WARN_OBJC_LITERAL_CONVERSION = YES;
				CLANG_WARN_OBJC_ROOT_CLASS = YES_ERROR;
				CLANG_WARN_RANGE_LOOP_ANALYSIS = YES;
				CLANG_WARN_STRICT_PROTOTYPES = YES;
				CLANG_WARN_SUSPICIOUS_MOVE = YES;
				CLANG_WARN_UNGUARDED_AVAILABILITY = YES_AGGRESSIVE;
				CLANG_WARN_UNREACHABLE_CODE = YES;
				CLANG_WARN__DUPLICATE_METHOD_MATCH = YES;
				CODE_SIGN_IDENTITY = "iPhone Developer";
				COPY_PHASE_STRIP = NO;
				DEBUG_INFORMATION_FORMAT = dwarf;
				ENABLE_STRICT_OBJC_MSGSEND = YES;
				ENABLE_TESTABILITY = YES;
				GCC_C_LANGUAGE_STANDARD = gnu11;
				GCC_DYNAMIC_NO_PIC = NO;
				GCC_NO_COMMON_BLOCKS = YES;
				GCC_OPTIMIZATION_LEVEL = 0;
				GCC_PREPROCESSOR_DEFINITIONS = (
					"DEBUG=1",
					"$(inherited)",
				);
				GCC_WARN_64_TO_32_BIT_CONVERSION = YES;
				GCC_WARN_ABOUT_RETURN_TYPE = YES_ERROR;
				GCC_WARN_UNDECLARED_SELECTOR = YES;
				GCC_WARN_UNINITIALIZED_AUTOS = YES_AGGRESSIVE;
				GCC_WARN_UNUSED_FUNCTION = YES;
				GCC_WARN_UNUSED_VARIABLE = YES;
				IPHONEOS_DEPLOYMENT_TARGET = 11.0;
				MTL_ENABLE_DEBUG_INFO = YES;
				ONLY_ACTIVE_ARCH = YES;
				SDKROOT = iphoneos;
				SWIFT_ACTIVE_COMPILATION_CONDITIONS = DEBUG;
				SWIFT_OPTIMIZATION_LEVEL = "-Onone";
			};
			name = Debug;
		};
		404771701F77D4F400D93E56 /* Release */ = {
			isa = XCBuildConfiguration;
			buildSettings = {
				ALWAYS_SEARCH_USER_PATHS = NO;
				CLANG_ANALYZER_NONNULL = YES;
				CLANG_ANALYZER_NUMBER_OBJECT_CONVERSION = YES_AGGRESSIVE;
				CLANG_CXX_LANGUAGE_STANDARD = "gnu++14";
				CLANG_CXX_LIBRARY = "libc++";
				CLANG_ENABLE_MODULES = YES;
				CLANG_ENABLE_OBJC_ARC = YES;
				CLANG_WARN_BLOCK_CAPTURE_AUTORELEASING = YES;
				CLANG_WARN_BOOL_CONVERSION = YES;
				CLANG_WARN_COMMA = YES;
				CLANG_WARN_CONSTANT_CONVERSION = YES;
				CLANG_WARN_DIRECT_OBJC_ISA_USAGE = YES_ERROR;
				CLANG_WARN_DOCUMENTATION_COMMENTS = YES;
				CLANG_WARN_EMPTY_BODY = YES;
				CLANG_WARN_ENUM_CONVERSION = YES;
				CLANG_WARN_INFINITE_RECURSION = YES;
				CLANG_WARN_INT_CONVERSION = YES;
				CLANG_WARN_NON_LITERAL_NULL_CONVERSION = YES;
				CLANG_WARN_OBJC_LITERAL_CONVERSION = YES;
				CLANG_WARN_OBJC_ROOT_CLASS = YES_ERROR;
				CLANG_WARN_RANGE_LOOP_ANALYSIS = YES;
				CLANG_WARN_STRICT_PROTOTYPES = YES;
				CLANG_WARN_SUSPICIOUS_MOVE = YES;
				CLANG_WARN_UNGUARDED_AVAILABILITY = YES_AGGRESSIVE;
				CLANG_WARN_UNREACHABLE_CODE = YES;
				CLANG_WARN__DUPLICATE_METHOD_MATCH = YES;
				CODE_SIGN_IDENTITY = "iPhone Developer";
				COPY_PHASE_STRIP = NO;
				DEBUG_INFORMATION_FORMAT = "dwarf-with-dsym";
				ENABLE_NS_ASSERTIONS = NO;
				ENABLE_STRICT_OBJC_MSGSEND = YES;
				GCC_C_LANGUAGE_STANDARD = gnu11;
				GCC_NO_COMMON_BLOCKS = YES;
				GCC_WARN_64_TO_32_BIT_CONVERSION = YES;
				GCC_WARN_ABOUT_RETURN_TYPE = YES_ERROR;
				GCC_WARN_UNDECLARED_SELECTOR = YES;
				GCC_WARN_UNINITIALIZED_AUTOS = YES_AGGRESSIVE;
				GCC_WARN_UNUSED_FUNCTION = YES;
				GCC_WARN_UNUSED_VARIABLE = YES;
				IPHONEOS_DEPLOYMENT_TARGET = 11.0;
				MTL_ENABLE_DEBUG_INFO = NO;
				SDKROOT = iphoneos;
				SWIFT_OPTIMIZATION_LEVEL = "-Owholemodule";
				VALIDATE_PRODUCT = YES;
			};
			name = Release;
		};
		404771721F77D4F400D93E56 /* Debug */ = {
			isa = XCBuildConfiguration;
			baseConfigurationReference = 31CAA54E049B06D39FBB7472 /* Pods-HADashboard Viewer.debug.xcconfig */;
			buildSettings = {
				ASSETCATALOG_COMPILER_APPICON_NAME = AppIcon;
				CODE_SIGN_STYLE = Automatic;
				DEVELOPMENT_TEAM = 6Y9C574C9M;
				INFOPLIST_FILE = "HADashboard Viewer/Info.plist";
				IPHONEOS_DEPLOYMENT_TARGET = 9.0;
				LD_RUNPATH_SEARCH_PATHS = "$(inherited) @executable_path/Frameworks";
				PRODUCT_BUNDLE_IDENTIFIER = com.thatsluke.HADashboardViewer;
				PRODUCT_NAME = "$(TARGET_NAME)";
				SWIFT_VERSION = 4.0;
				TARGETED_DEVICE_FAMILY = "1,2";
			};
			name = Debug;
		};
		404771731F77D4F400D93E56 /* Release */ = {
			isa = XCBuildConfiguration;
			baseConfigurationReference = 8371F9689BF5748EB85663EF /* Pods-HADashboard Viewer.release.xcconfig */;
			buildSettings = {
				ASSETCATALOG_COMPILER_APPICON_NAME = AppIcon;
				CODE_SIGN_STYLE = Automatic;
				DEVELOPMENT_TEAM = 6Y9C574C9M;
				INFOPLIST_FILE = "HADashboard Viewer/Info.plist";
				IPHONEOS_DEPLOYMENT_TARGET = 9.0;
				LD_RUNPATH_SEARCH_PATHS = "$(inherited) @executable_path/Frameworks";
				PRODUCT_BUNDLE_IDENTIFIER = com.thatsluke.HADashboardViewer;
				PRODUCT_NAME = "$(TARGET_NAME)";
				SWIFT_VERSION = 4.0;
				TARGETED_DEVICE_FAMILY = "1,2";
			};
			name = Release;
		};
		404771751F77D4F400D93E56 /* Debug */ = {
			isa = XCBuildConfiguration;
			baseConfigurationReference = 0F1AEEDB3F816CC95978ED52 /* Pods-HADashboard ViewerTests.debug.xcconfig */;
			buildSettings = {
				ALWAYS_EMBED_SWIFT_STANDARD_LIBRARIES = YES;
				BUNDLE_LOADER = "$(TEST_HOST)";
				CODE_SIGN_STYLE = Automatic;
				DEVELOPMENT_TEAM = 3BKAAEFQ9S;
				INFOPLIST_FILE = "HADashboard ViewerTests/Info.plist";
				LD_RUNPATH_SEARCH_PATHS = "$(inherited) @executable_path/Frameworks @loader_path/Frameworks";
				PRODUCT_BUNDLE_IDENTIFIER = "com.thatsluke.HADashboard-ViewerTests";
				PRODUCT_NAME = "$(TARGET_NAME)";
				SWIFT_VERSION = 4.0;
				TARGETED_DEVICE_FAMILY = "1,2";
				TEST_HOST = "$(BUILT_PRODUCTS_DIR)/HADashboard Viewer.app/HADashboard Viewer";
			};
			name = Debug;
		};
		404771761F77D4F400D93E56 /* Release */ = {
			isa = XCBuildConfiguration;
			baseConfigurationReference = 49A3BDDD689C97EA12297AD7 /* Pods-HADashboard ViewerTests.release.xcconfig */;
			buildSettings = {
				ALWAYS_EMBED_SWIFT_STANDARD_LIBRARIES = YES;
				BUNDLE_LOADER = "$(TEST_HOST)";
				CODE_SIGN_STYLE = Automatic;
				DEVELOPMENT_TEAM = 3BKAAEFQ9S;
				INFOPLIST_FILE = "HADashboard ViewerTests/Info.plist";
				LD_RUNPATH_SEARCH_PATHS = "$(inherited) @executable_path/Frameworks @loader_path/Frameworks";
				PRODUCT_BUNDLE_IDENTIFIER = "com.thatsluke.HADashboard-ViewerTests";
				PRODUCT_NAME = "$(TARGET_NAME)";
				SWIFT_VERSION = 4.0;
				TARGETED_DEVICE_FAMILY = "1,2";
				TEST_HOST = "$(BUILT_PRODUCTS_DIR)/HADashboard Viewer.app/HADashboard Viewer";
			};
			name = Release;
		};
		404771781F77D4F400D93E56 /* Debug */ = {
			isa = XCBuildConfiguration;
			baseConfigurationReference = DBF010A363CDA2975F04A754 /* Pods-HADashboard ViewerUITests.debug.xcconfig */;
			buildSettings = {
				ALWAYS_EMBED_SWIFT_STANDARD_LIBRARIES = YES;
				CODE_SIGN_STYLE = Automatic;
				DEVELOPMENT_TEAM = 3BKAAEFQ9S;
				INFOPLIST_FILE = "HADashboard ViewerUITests/Info.plist";
				LD_RUNPATH_SEARCH_PATHS = "$(inherited) @executable_path/Frameworks @loader_path/Frameworks";
				PRODUCT_BUNDLE_IDENTIFIER = "com.thatsluke.HADashboard-ViewerUITests";
				PRODUCT_NAME = "$(TARGET_NAME)";
				SWIFT_VERSION = 4.0;
				TARGETED_DEVICE_FAMILY = "1,2";
				TEST_TARGET_NAME = "HADashboard Viewer";
			};
			name = Debug;
		};
		404771791F77D4F400D93E56 /* Release */ = {
			isa = XCBuildConfiguration;
			baseConfigurationReference = 48BE41B18B4F5FE76625E857 /* Pods-HADashboard ViewerUITests.release.xcconfig */;
			buildSettings = {
				ALWAYS_EMBED_SWIFT_STANDARD_LIBRARIES = YES;
				CODE_SIGN_STYLE = Automatic;
				DEVELOPMENT_TEAM = 3BKAAEFQ9S;
				INFOPLIST_FILE = "HADashboard ViewerUITests/Info.plist";
				LD_RUNPATH_SEARCH_PATHS = "$(inherited) @executable_path/Frameworks @loader_path/Frameworks";
				PRODUCT_BUNDLE_IDENTIFIER = "com.thatsluke.HADashboard-ViewerUITests";
				PRODUCT_NAME = "$(TARGET_NAME)";
				SWIFT_VERSION = 4.0;
				TARGETED_DEVICE_FAMILY = "1,2";
				TEST_TARGET_NAME = "HADashboard Viewer";
			};
			name = Release;
		};
/* End XCBuildConfiguration section */

/* Begin XCConfigurationList section */
		404771401F77D4F400D93E56 /* Build configuration list for PBXProject "HADashboard Viewer" */ = {
			isa = XCConfigurationList;
			buildConfigurations = (
				4047716F1F77D4F400D93E56 /* Debug */,
				404771701F77D4F400D93E56 /* Release */,
			);
			defaultConfigurationIsVisible = 0;
			defaultConfigurationName = Release;
		};
		404771711F77D4F400D93E56 /* Build configuration list for PBXNativeTarget "HADashboard Viewer" */ = {
			isa = XCConfigurationList;
			buildConfigurations = (
				404771721F77D4F400D93E56 /* Debug */,
				404771731F77D4F400D93E56 /* Release */,
			);
			defaultConfigurationIsVisible = 0;
			defaultConfigurationName = Release;
		};
		404771741F77D4F400D93E56 /* Build configuration list for PBXNativeTarget "HADashboard ViewerTests" */ = {
			isa = XCConfigurationList;
			buildConfigurations = (
				404771751F77D4F400D93E56 /* Debug */,
				404771761F77D4F400D93E56 /* Release */,
			);
			defaultConfigurationIsVisible = 0;
			defaultConfigurationName = Release;
		};
		404771771F77D4F400D93E56 /* Build configuration list for PBXNativeTarget "HADashboard ViewerUITests" */ = {
			isa = XCConfigurationList;
			buildConfigurations = (
				404771781F77D4F400D93E56 /* Debug */,
				404771791F77D4F400D93E56 /* Release */,
			);
			defaultConfigurationIsVisible = 0;
			defaultConfigurationName = Release;
		};
/* End XCConfigurationList section */
	};
	rootObject = 4047713D1F77D4F400D93E56 /* Project object */;
}
